<?xml version="1.0" encoding="utf-8"?>
<Project ToolsVersion="4.0" xmlns="http://schemas.microsoft.com/developer/msbuild/2003">
  <ItemGroup>
    <Filter Include="源文件">
      <UniqueIdentifier>{4FC737F1-C7A5-4376-A066-2A32D752A2FF}</UniqueIdentifier>
      <Extensions>cpp;c;cc;cxx;def;odl;idl;hpj;bat;asm;asmx</Extensions>
    </Filter>
    <Filter Include="头文件">
      <UniqueIdentifier>{93995380-89BD-4b04-88EB-625FBE52EBFB}</UniqueIdentifier>
      <Extensions>h;hh;hpp;hxx;hm;inl;inc;xsd</Extensions>
    </Filter>
    <Filter Include="资源文件">
      <UniqueIdentifier>{67DA6AB6-F800-4c08-8B7A-83BB121AAD01}</UniqueIdentifier>
      <Extensions>rc;ico;cur;bmp;dlg;rc2;rct;bin;rgs;gif;jpg;jpeg;jpe;resx;tiff;tif;png;wav;mfcribbon-ms</Extensions>
    </Filter>
  </ItemGroup>
  <ItemGroup>
    <None Include="ClassDiagram.cd" />
  </ItemGroup>
  <ItemGroup>
    <ClInclude Include="Abstraction.h">
      <Filter>头文件</Filter>
    </ClInclude>
    <ClInclude Include="ColorAdjustment.h">
      <Filter>头文件</Filter>
    </ClInclude>
    <ClInclude Include="EdgeDarkening.h">
      <Filter>头文件</Filter>
    </ClInclude>
    <ClInclude Include="Granulation.h">
      <Filter>头文件</Filter>
    </ClInclude>
    <ClInclude Include="HandTremorEffect.h">
      <Filter>头文件</Filter>
    </ClInclude>
    <ClInclude Include="PigmentVariation.h">
      <Filter>头文件</Filter>
    </ClInclude>
    <ClInclude Include="SaliencyDistance.h">
      <Filter>头文件</Filter>
    </ClInclude>
    <ClInclude Include="TurblenceFlow.h">
      <Filter>头文件</Filter>
    </ClInclude>
    <ClInclude Include="WetInWet.h">
      <Filter>头文件</Filter>
    </ClInclude>
    <ClInclude Include="Debug.h">
      <Filter>资源文件</Filter>
    </ClInclude>
    <ClInclude Include="ToolBox.h">
      <Filter>资源文件</Filter>
    </ClInclude>
    <ClInclude Include="WaterColor.h">
      <Filter>头文件</Filter>
    </ClInclude>
    <ClInclude Include="include\geometry\Geometry.h">
      <Filter>头文件</Filter>
    </ClInclude>
  </ItemGroup>
  <ItemGroup>
    <ClCompile Include="Abstraction.cpp">
      <Filter>源文件</Filter>
    </ClCompile>
    <ClCompile Include="ColorAdjustment.cpp">
      <Filter>源文件</Filter>
    </ClCompile>
    <ClCompile Include="EdgeDarkening.cpp">
      <Filter>源文件</Filter>
    </ClCompile>
    <ClCompile Include="Granulation.cpp">
      <Filter>源文件</Filter>
    </ClCompile>
    <ClCompile Include="HandTremorEffect.cpp">
      <Filter>源文件</Filter>
    </ClCompile>
    <ClCompile Include="main.cpp">
      <Filter>源文件</Filter>
    </ClCompile>
    <ClCompile Include="PigmentVariation.cpp">
      <Filter>源文件</Filter>
    </ClCompile>
    <ClCompile Include="SaliencyDistance.cpp">
      <Filter>源文件</Filter>
    </ClCompile>
    <ClCompile Include="TurblenceFlow.cpp">
      <Filter>源文件</Filter>
    </ClCompile>
    <ClCompile Include="WaterColor.cpp">
      <Filter>源文件</Filter>
    </ClCompile>
    <ClCompile Include="WetInWet.cpp">
      <Filter>源文件</Filter>
    </ClCompile>
    <ClCompile Include="include\meanshift\MeanShift.cpp">
      <Filter>资源文件</Filter>
    </ClCompile>
    <ClCompile Include="Debug.cpp">
      <Filter>资源文件</Filter>
    </ClCompile>
    <ClCompile Include="ToolBox.cpp">
      <Filter>资源文件</Filter>
    </ClCompile>
    <ClCompile Include="include\geometry\Geometry.cpp">
      <Filter>资源文件</Filter>
    </ClCompile>
  </ItemGroup>
</Project>